
Microsoft Visual Studio Solution File, Format Version 12.00
# Visual Studio Version 16
VisualStudioVersion = 16.0.30517.126
MinimumVisualStudioVersion = 10.0.40219.1
Project("{FAE04EC0-301F-11D3-BF4B-00C04F79EFBC}") = "Quete_Dictionnaire", "Quete_Dictionnaire.csproj", "{ADE913ED-362C-4F0E-974E-6E2A41D74DC1}"
EndProject
Global
	GlobalSection(SolutionConfigurationPlatforms) = preSolution
		Debug|Any CPU = Debug|Any CPU
		Release|Any CPU = Release|Any CPU
	EndGlobalSection
	GlobalSection(ProjectConfigurationPlatforms) = postSolution
		{ADE913ED-362C-4F0E-974E-6E2A41D74DC1}.Debug|Any CPU.ActiveCfg = Debug|Any CPU
		{ADE913ED-362C-4F0E-974E-6E2A41D74DC1}.Debug|Any CPU.Build.0 = Debug|Any CPU
		{ADE913ED-362C-4F0E-974E-6E2A41D74DC1}.Release|Any CPU.ActiveCfg = Release|Any CPU
		{ADE913ED-362C-4F0E-974E-6E2A41D74DC1}.Release|Any CPU.Build.0 = Release|Any CPU
	EndGlobalSection
	GlobalSection(SolutionProperties) = preSolution
		HideSolutionNode = FALSE
	EndGlobalSection
	GlobalSection(ExtensibilityGlobals) = postSolution
		SolutionGuid = {85A0609E-C759-41F4-8646-1246EC9750EF}
	EndGlobalSection
EndGlobal
